
Microsoft Visual Studio Solution File, Format Version 12.00
# Visual Studio Version 16
VisualStudioVersion = 16.0.30621.155
MinimumVisualStudioVersion = 10.0.40219.1
Project("{9A19103F-16F7-4668-BE54-9A1E7A4F7556}") = "Advent2018", "Advent2018\Advent2018.csproj", "{55727D63-7C84-44E9-86E8-F99127B9EBC1}"
EndProject
Project("{9A19103F-16F7-4668-BE54-9A1E7A4F7556}") = "Advent2019", "Advent2019\Advent2019.csproj", "{973D7EC1-BB49-4842-AB0F-C9A563A62127}"
EndProject
Project("{FAE04EC0-301F-11D3-BF4B-00C04F79EFBC}") = "Advent2020", "Advent2020\Advent2020.csproj", "{BC6E2BBD-A6E1-40D1-872A-EF4EAEDE0162}"
EndProject
Global
	GlobalSection(SolutionConfigurationPlatforms) = preSolution
		Debug|Any CPU = Debug|Any CPU
		Release|Any CPU = Release|Any CPU
	EndGlobalSection
	GlobalSection(ProjectConfigurationPlatforms) = postSolution
		{55727D63-7C84-44E9-86E8-F99127B9EBC1}.Debug|Any CPU.ActiveCfg = Debug|Any CPU
		{55727D63-7C84-44E9-86E8-F99127B9EBC1}.Debug|Any CPU.Build.0 = Debug|Any CPU
		{55727D63-7C84-44E9-86E8-F99127B9EBC1}.Release|Any CPU.ActiveCfg = Release|Any CPU
		{55727D63-7C84-44E9-86E8-F99127B9EBC1}.Release|Any CPU.Build.0 = Release|Any CPU
		{973D7EC1-BB49-4842-AB0F-C9A563A62127}.Debug|Any CPU.ActiveCfg = Debug|Any CPU
		{973D7EC1-BB49-4842-AB0F-C9A563A62127}.Debug|Any CPU.Build.0 = Debug|Any CPU
		{973D7EC1-BB49-4842-AB0F-C9A563A62127}.Release|Any CPU.ActiveCfg = Release|Any CPU
		{973D7EC1-BB49-4842-AB0F-C9A563A62127}.Release|Any CPU.Build.0 = Release|Any CPU
		{BC6E2BBD-A6E1-40D1-872A-EF4EAEDE0162}.Debug|Any CPU.ActiveCfg = Debug|Any CPU
		{BC6E2BBD-A6E1-40D1-872A-EF4EAEDE0162}.Debug|Any CPU.Build.0 = Debug|Any CPU
		{BC6E2BBD-A6E1-40D1-872A-EF4EAEDE0162}.Release|Any CPU.ActiveCfg = Release|Any CPU
		{BC6E2BBD-A6E1-40D1-872A-EF4EAEDE0162}.Release|Any CPU.Build.0 = Release|Any CPU
	EndGlobalSection
	GlobalSection(SolutionProperties) = preSolution
		HideSolutionNode = FALSE
	EndGlobalSection
	GlobalSection(ExtensibilityGlobals) = postSolution
		SolutionGuid = {5B926C3A-4A1B-42CD-9824-6CE80507F40B}
	EndGlobalSection
EndGlobal
